// !$*UTF8*$!
{
	archiveVersion = 1;
	classes = {
	};
	objectVersion = 52;
	objects = {

/* Begin PBXBuildFile section */
		C2C56DAB2646F1BE006F59E9 /* CovidONApp.swift in Sources */ = {isa = PBXBuildFile; fileRef = C2C56DAA2646F1BE006F59E9 /* CovidONApp.swift */; };
		C2C56DAD2646F1BE006F59E9 /* ContentView.swift in Sources */ = {isa = PBXBuildFile; fileRef = C2C56DAC2646F1BE006F59E9 /* ContentView.swift */; };
		C2C56DAF2646F1C0006F59E9 /* Assets.xcassets in Resources */ = {isa = PBXBuildFile; fileRef = C2C56DAE2646F1C0006F59E9 /* Assets.xcassets */; };
		C2C56DB22646F1C0006F59E9 /* Preview Assets.xcassets in Resources */ = {isa = PBXBuildFile; fileRef = C2C56DB12646F1C0006F59E9 /* Preview Assets.xcassets */; };
		C2C56DBB2646FC08006F59E9 /* Alamofire in Frameworks */ = {isa = PBXBuildFile; productRef = C2C56DBA2646FC08006F59E9 /* Alamofire */; };
		C2C56DBE2646FE2D006F59E9 /* SwiftyJSON in Frameworks */ = {isa = PBXBuildFile; productRef = C2C56DBD2646FE2D006F59E9 /* SwiftyJSON */; };
		C2C56DC126470043006F59E9 /* Charts in Frameworks */ = {isa = PBXBuildFile; productRef = C2C56DC026470043006F59E9 /* Charts */; };
/* End PBXBuildFile section */

/* Begin PBXFileReference section */
		C2C56DA72646F1BD006F59E9 /* CovidON.app */ = {isa = PBXFileReference; explicitFileType = wrapper.application; includeInIndex = 0; path = CovidON.app; sourceTree = BUILT_PRODUCTS_DIR; };
		C2C56DAA2646F1BE006F59E9 /* CovidONApp.swift */ = {isa = PBXFileReference; lastKnownFileType = sourcecode.swift; path = CovidONApp.swift; sourceTree = "<group>"; };
		C2C56DAC2646F1BE006F59E9 /* ContentView.swift */ = {isa = PBXFileReference; lastKnownFileType = sourcecode.swift; path = ContentView.swift; sourceTree = "<group>"; };
		C2C56DAE2646F1C0006F59E9 /* Assets.xcassets */ = {isa = PBXFileReference; lastKnownFileType = folder.assetcatalog; path = Assets.xcassets; sourceTree = "<group>"; };
		C2C56DB12646F1C0006F59E9 /* Preview Assets.xcassets */ = {isa = PBXFileReference; lastKnownFileType = folder.assetcatalog; path = "Preview Assets.xcassets"; sourceTree = "<group>"; };
		C2C56DB32646F1C0006F59E9 /* Info.plist */ = {isa = PBXFileReference; lastKnownFileType = text.plist.xml; path = Info.plist; sourceTree = "<group>"; };
/* End PBXFileReference section */

/* Begin PBXFrameworksBuildPhase section */
		C2C56DA42646F1BD006F59E9 /* Frameworks */ = {
			isa = PBXFrameworksBuildPhase;
			buildActionMask = 2147483647;
			files = (
				C2C56DBE2646FE2D006F59E9 /* SwiftyJSON in Frameworks */,
				C2C56DC126470043006F59E9 /* Charts in Frameworks */,
				C2C56DBB2646FC08006F59E9 /* Alamofire in Frameworks */,
			);
			runOnlyForDeploymentPostprocessing = 0;
		};
/* End PBXFrameworksBuildPhase section */

/* Begin PBXGroup section */
		C2C56D9E2646F1BD006F59E9 = {
			isa = PBXGroup;
			children = (
				C2C56DA92646F1BD006F59E9 /* CovidON */,
				C2C56DA82646F1BD006F59E9 /* Products */,
			);
			sourceTree = "<group>";
		};
		C2C56DA82646F1BD006F59E9 /* Products */ = {
			isa = PBXGroup;
			children = (
				C2C56DA72646F1BD006F59E9 /* CovidON.app */,
			);
			name = Products;
			sourceTree = "<group>";
		};
		C2C56DA92646F1BD006F59E9 /* CovidON */ = {
			isa = PBXGroup;
			children = (
				C2C56DAA2646F1BE006F59E9 /* CovidONApp.swift */,
				C2C56DAC2646F1BE006F59E9 /* ContentView.swift */,
				C2C56DAE2646F1C0006F59E9 /* Assets.xcassets */,
				C2C56DB32646F1C0006F59E9 /* Info.plist */,
				C2C56DB02646F1C0006F59E9 /* Preview Content */,
			);
			path = CovidON;
			sourceTree = "<group>";
		};
		C2C56DB02646F1C0006F59E9 /* Preview Content */ = {
			isa = PBXGroup;
			children = (
				C2C56DB12646F1C0006F59E9 /* Preview Assets.xcassets */,
			);
			path = "Preview Content";
			sourceTree = "<group>";
		};
/* End PBXGroup section */

/* Begin PBXNativeTarget section */
		C2C56DA62646F1BD006F59E9 /* CovidON */ = {
			isa = PBXNativeTarget;
			buildConfigurationList = C2C56DB62646F1C0006F59E9 /* Build configuration list for PBXNativeTarget "CovidON" */;
			buildPhases = (
				C2C56DA32646F1BD006F59E9 /* Sources */,
				C2C56DA42646F1BD006F59E9 /* Frameworks */,
				C2C56DA52646F1BD006F59E9 /* Resources */,
			);
			buildRules = (
			);
			dependencies = (
			);
			name = CovidON;
			packageProductDependencies = (
				C2C56DBA2646FC08006F59E9 /* Alamofire */,
				C2C56DBD2646FE2D006F59E9 /* SwiftyJSON */,
				C2C56DC026470043006F59E9 /* Charts */,
			);
			productName = CovidON;
			productReference = C2C56DA72646F1BD006F59E9 /* CovidON.app */;
			productType = "com.apple.product-type.application";
		};
/* End PBXNativeTarget section */

/* Begin PBXProject section */
		C2C56D9F2646F1BD006F59E9 /* Project object */ = {
			isa = PBXProject;
			attributes = {
				LastSwiftUpdateCheck = 1250;
				LastUpgradeCheck = 1250;
				TargetAttributes = {
					C2C56DA62646F1BD006F59E9 = {
						CreatedOnToolsVersion = 12.5;
					};
				};
			};
			buildConfigurationList = C2C56DA22646F1BD006F59E9 /* Build configuration list for PBXProject "CovidON" */;
			compatibilityVersion = "Xcode 9.3";
			developmentRegion = en;
			hasScannedForEncodings = 0;
			knownRegions = (
				en,
				Base,
			);
			mainGroup = C2C56D9E2646F1BD006F59E9;
			packageReferences = (
				C2C56DB92646FC08006F59E9 /* XCRemoteSwiftPackageReference "Alamofire" */,
				C2C56DBC2646FE2D006F59E9 /* XCRemoteSwiftPackageReference "SwiftyJSON" */,
				C2C56DBF26470043006F59E9 /* XCRemoteSwiftPackageReference "Charts" */,
			);
			productRefGroup = C2C56DA82646F1BD006F59E9 /* Products */;
			projectDirPath = "";
			projectRoot = "";
			targets = (
				C2C56DA62646F1BD006F59E9 /* CovidON */,
			);
		};
/* End PBXProject section */

/* Begin PBXResourcesBuildPhase section */
		C2C56DA52646F1BD006F59E9 /* Resources */ = {
			isa = PBXResourcesBuildPhase;
			buildActionMask = 2147483647;
			files = (
				C2C56DB22646F1C0006F59E9 /* Preview Assets.xcassets in Resources */,
				C2C56DAF2646F1C0006F59E9 /* Assets.xcassets in Resources */,
			);
			runOnlyForDeploymentPostprocessing = 0;
		};
/* End PBXResourcesBuildPhase section */

/* Begin PBXSourcesBuildPhase section */
		C2C56DA32646F1BD006F59E9 /* Sources */ = {
			isa = PBXSourcesBuildPhase;
			buildActionMask = 2147483647;
			files = (
				C2C56DAD2646F1BE006F59E9 /* ContentView.swift in Sources */,
				C2C56DAB2646F1BE006F59E9 /* CovidONApp.swift in Sources */,
			);
			runOnlyForDeploymentPostprocessing = 0;
		};
/* End PBXSourcesBuildPhase section */

/* Begin XCBuildConfiguration section */
		C2C56DB42646F1C0006F59E9 /* Debug */ = {
			isa = XCBuildConfiguration;
			buildSettings = {
				ALWAYS_SEARCH_USER_PATHS = NO;
				CLANG_ANALYZER_NONNULL = YES;
				CLANG_ANALYZER_NUMBER_OBJECT_CONVERSION = YES_AGGRESSIVE;
				CLANG_CXX_LANGUAGE_STANDARD = "gnu++14";
				CLANG_CXX_LIBRARY = "libc++";
				CLANG_ENABLE_MODULES = YES;
				CLANG_ENABLE_OBJC_ARC = YES;
				CLANG_ENABLE_OBJC_WEAK = YES;
				CLANG_WARN_BLOCK_CAPTURE_AUTORELEASING = YES;
				CLANG_WARN_BOOL_CONVERSION = YES;
				CLANG_WARN_COMMA = YES;
				CLANG_WARN_CONSTANT_CONVERSION = YES;
				CLANG_WARN_DEPRECATED_OBJC_IMPLEMENTATIONS = YES;
				CLANG_WARN_DIRECT_OBJC_ISA_USAGE = YES_ERROR;
				CLANG_WARN_DOCUMENTATION_COMMENTS = YES;
				CLANG_WARN_EMPTY_BODY = YES;
				CLANG_WARN_ENUM_CONVERSION = YES;
				CLANG_WARN_INFINITE_RECURSION = YES;
				CLANG_WARN_INT_CONVERSION = YES;
				CLANG_WARN_NON_LITERAL_NULL_CONVERSION = YES;
				CLANG_WARN_OBJC_IMPLICIT_RETAIN_SELF = YES;
				CLANG_WARN_OBJC_LITERAL_CONVERSION = YES;
				CLANG_WARN_OBJC_ROOT_CLASS = YES_ERROR;
				CLANG_WARN_QUOTED_INCLUDE_IN_FRAMEWORK_HEADER = YES;
				CLANG_WARN_RANGE_LOOP_ANALYSIS = YES;
				CLANG_WARN_STRICT_PROTOTYPES = YES;
				CLANG_WARN_SUSPICIOUS_MOVE = YES;
				CLANG_WARN_UNGUARDED_AVAILABILITY = YES_AGGRESSIVE;
				CLANG_WARN_UNREACHABLE_CODE = YES;
				CLANG_WARN__DUPLICATE_METHOD_MATCH = YES;
				COPY_PHASE_STRIP = NO;
				DEBUG_INFORMATION_FORMAT = dwarf;
				ENABLE_STRICT_OBJC_MSGSEND = YES;
				ENABLE_TESTABILITY = YES;
				GCC_C_LANGUAGE_STANDARD = gnu11;
				GCC_DYNAMIC_NO_PIC = NO;
				GCC_NO_COMMON_BLOCKS = YES;
				GCC_OPTIMIZATION_LEVEL = 0;
				GCC_PREPROCESSOR_DEFINITIONS = (
					"DEBUG=1",
					"$(inherited)",
				);
				GCC_WARN_64_TO_32_BIT_CONVERSION = YES;
				GCC_WARN_ABOUT_RETURN_TYPE = YES_ERROR;
				GCC_WARN_UNDECLARED_SELECTOR = YES;
				GCC_WARN_UNINITIALIZED_AUTOS = YES_AGGRESSIVE;
				GCC_WARN_UNUSED_FUNCTION = YES;
				GCC_WARN_UNUSED_VARIABLE = YES;
				IPHONEOS_DEPLOYMENT_TARGET = 14.5;
				MTL_ENABLE_DEBUG_INFO = INCLUDE_SOURCE;
				MTL_FAST_MATH = YES;
				ONLY_ACTIVE_ARCH = YES;
				SDKROOT = iphoneos;
				SWIFT_ACTIVE_COMPILATION_CONDITIONS = DEBUG;
				SWIFT_OPTIMIZATION_LEVEL = "-Onone";
			};
			name = Debug;
		};
		C2C56DB52646F1C0006F59E9 /* Release */ = {
			isa = XCBuildConfiguration;
			buildSettings = {
				ALWAYS_SEARCH_USER_PATHS = NO;
				CLANG_ANALYZER_NONNULL = YES;
				CLANG_ANALYZER_NUMBER_OBJECT_CONVERSION = YES_AGGRESSIVE;
				CLANG_CXX_LANGUAGE_STANDARD = "gnu++14";
				CLANG_CXX_LIBRARY = "libc++";
				CLANG_ENABLE_MODULES = YES;
				CLANG_ENABLE_OBJC_ARC = YES;
				CLANG_ENABLE_OBJC_WEAK = YES;
				CLANG_WARN_BLOCK_CAPTURE_AUTORELEASING = YES;
				CLANG_WARN_BOOL_CONVERSION = YES;
				CLANG_WARN_COMMA = YES;
				CLANG_WARN_CONSTANT_CONVERSION = YES;
				CLANG_WARN_DEPRECATED_OBJC_IMPLEMENTATIONS = YES;
				CLANG_WARN_DIRECT_OBJC_ISA_USAGE = YES_ERROR;
				CLANG_WARN_DOCUMENTATION_COMMENTS = YES;
				CLANG_WARN_EMPTY_BODY = YES;
				CLANG_WARN_ENUM_CONVERSION = YES;
				CLANG_WARN_INFINITE_RECURSION = YES;
				CLANG_WARN_INT_CONVERSION = YES;
				CLANG_WARN_NON_LITERAL_NULL_CONVERSION = YES;
				CLANG_WARN_OBJC_IMPLICIT_RETAIN_SELF = YES;
				CLANG_WARN_OBJC_LITERAL_CONVERSION = YES;
				CLANG_WARN_OBJC_ROOT_CLASS = YES_ERROR;
				CLANG_WARN_QUOTED_INCLUDE_IN_FRAMEWORK_HEADER = YES;
				CLANG_WARN_RANGE_LOOP_ANALYSIS = YES;
				CLANG_WARN_STRICT_PROTOTYPES = YES;
				CLANG_WARN_SUSPICIOUS_MOVE = YES;
				CLANG_WARN_UNGUARDED_AVAILABILITY = YES_AGGRESSIVE;
				CLANG_WARN_UNREACHABLE_CODE = YES;
				CLANG_WARN__DUPLICATE_METHOD_MATCH = YES;
				COPY_PHASE_STRIP = NO;
				DEBUG_INFORMATION_FORMAT = "dwarf-with-dsym";
				ENABLE_NS_ASSERTIONS = NO;
				ENABLE_STRICT_OBJC_MSGSEND = YES;
				GCC_C_LANGUAGE_STANDARD = gnu11;
				GCC_NO_COMMON_BLOCKS = YES;
				GCC_WARN_64_TO_32_BIT_CONVERSION = YES;
				GCC_WARN_ABOUT_RETURN_TYPE = YES_ERROR;
				GCC_WARN_UNDECLARED_SELECTOR = YES;
				GCC_WARN_UNINITIALIZED_AUTOS = YES_AGGRESSIVE;
				GCC_WARN_UNUSED_FUNCTION = YES;
				GCC_WARN_UNUSED_VARIABLE = YES;
				IPHONEOS_DEPLOYMENT_TARGET = 14.5;
				MTL_ENABLE_DEBUG_INFO = NO;
				MTL_FAST_MATH = YES;
				SDKROOT = iphoneos;
				SWIFT_COMPILATION_MODE = wholemodule;
				SWIFT_OPTIMIZATION_LEVEL = "-O";
				VALIDATE_PRODUCT = YES;
			};
			name = Release;
		};
		C2C56DB72646F1C0006F59E9 /* Debug */ = {
			isa = XCBuildConfiguration;
			buildSettings = {
				ASSETCATALOG_COMPILER_APPICON_NAME = AppIcon;
				ASSETCATALOG_COMPILER_GLOBAL_ACCENT_COLOR_NAME = AccentColor;
				CODE_SIGN_STYLE = Automatic;
				DEVELOPMENT_ASSET_PATHS = "\"CovidON/Preview Content\"";
				DEVELOPMENT_TEAM = BLAVQ37GJV;
				ENABLE_PREVIEWS = YES;
				INFOPLIST_FILE = CovidON/Info.plist;
				IPHONEOS_DEPLOYMENT_TARGET = 14.0;
				LD_RUNPATH_SEARCH_PATHS = (
					"$(inherited)",
					"@executable_path/Frameworks",
				);
				PRODUCT_BUNDLE_IDENTIFIER = com.noahwilder.CovidON;
				PRODUCT_NAME = "$(TARGET_NAME)";
				SWIFT_VERSION = 5.0;
				TARGETED_DEVICE_FAMILY = "1,2";
			};
			name = Debug;
		};
		C2C56DB82646F1C0006F59E9 /* Release */ = {
			isa = XCBuildConfiguration;
			buildSettings = {
				ASSETCATALOG_COMPILER_APPICON_NAME = AppIcon;
				ASSETCATALOG_COMPILER_GLOBAL_ACCENT_COLOR_NAME = AccentColor;
				CODE_SIGN_STYLE = Automatic;
				DEVELOPMENT_ASSET_PATHS = "\"CovidON/Preview Content\"";
				DEVELOPMENT_TEAM = BLAVQ37GJV;
				ENABLE_PREVIEWS = YES;
				INFOPLIST_FILE = CovidON/Info.plist;
				IPHONEOS_DEPLOYMENT_TARGET = 14.0;
				LD_RUNPATH_SEARCH_PATHS = (
					"$(inherited)",
					"@executable_path/Frameworks",
				);
				PRODUCT_BUNDLE_IDENTIFIER = com.noahwilder.CovidON;
				PRODUCT_NAME = "$(TARGET_NAME)";
				SWIFT_VERSION = 5.0;
				TARGETED_DEVICE_FAMILY = "1,2";
			};
			name = Release;
		};
/* End XCBuildConfiguration section */

/* Begin XCConfigurationList section */
		C2C56DA22646F1BD006F59E9 /* Build configuration list for PBXProject "CovidON" */ = {
			isa = XCConfigurationList;
			buildConfigurations = (
				C2C56DB42646F1C0006F59E9 /* Debug */,
				C2C56DB52646F1C0006F59E9 /* Release */,
			);
			defaultConfigurationIsVisible = 0;
			defaultConfigurationName = Release;
		};
		C2C56DB62646F1C0006F59E9 /* Build configuration list for PBXNativeTarget "CovidON" */ = {
			isa = XCConfigurationList;
			buildConfigurations = (
				C2C56DB72646F1C0006F59E9 /* Debug */,
				C2C56DB82646F1C0006F59E9 /* Release */,
			);
			defaultConfigurationIsVisible = 0;
			defaultConfigurationName = Release;
		};
/* End XCConfigurationList section */

/* Begin XCRemoteSwiftPackageReference section */
		C2C56DB92646FC08006F59E9 /* XCRemoteSwiftPackageReference "Alamofire" */ = {
			isa = XCRemoteSwiftPackageReference;
			repositoryURL = "https://github.com/Alamofire/Alamofire.git";
			requirement = {
				kind = upToNextMajorVersion;
				minimumVersion = 5.2.0;
			};
		};
		C2C56DBC2646FE2D006F59E9 /* XCRemoteSwiftPackageReference "SwiftyJSON" */ = {
			isa = XCRemoteSwiftPackageReference;
			repositoryURL = "https://github.com/SwiftyJSON/SwiftyJSON.git";
			requirement = {
				kind = upToNextMajorVersion;
				minimumVersion = 5.0.1;
			};
		};
		C2C56DBF26470043006F59E9 /* XCRemoteSwiftPackageReference "Charts" */ = {
			isa = XCRemoteSwiftPackageReference;
			repositoryURL = "https://github.com/danielgindi/Charts.git";
			requirement = {
				kind = upToNextMajorVersion;
				minimumVersion = 4.0.1;
			};
		};
/* End XCRemoteSwiftPackageReference section */

/* Begin XCSwiftPackageProductDependency section */
		C2C56DBA2646FC08006F59E9 /* Alamofire */ = {
			isa = XCSwiftPackageProductDependency;
			package = C2C56DB92646FC08006F59E9 /* XCRemoteSwiftPackageReference "Alamofire" */;
			productName = Alamofire;
		};
		C2C56DBD2646FE2D006F59E9 /* SwiftyJSON */ = {
			isa = XCSwiftPackageProductDependency;
			package = C2C56DBC2646FE2D006F59E9 /* XCRemoteSwiftPackageReference "SwiftyJSON" */;
			productName = SwiftyJSON;
		};
		C2C56DC026470043006F59E9 /* Charts */ = {
			isa = XCSwiftPackageProductDependency;
			package = C2C56DBF26470043006F59E9 /* XCRemoteSwiftPackageReference "Charts" */;
			productName = Charts;
		};
/* End XCSwiftPackageProductDependency section */
	};
	rootObject = C2C56D9F2646F1BD006F59E9 /* Project object */;
}
